
Microsoft Visual Studio Solution File, Format Version 12.00
# Visual Studio 15
VisualStudioVersion = 15.0.28010.2036
MinimumVisualStudioVersion = 10.0.40219.1
Project("{FAE04EC0-301F-11D3-BF4B-00C04F79EFBC}") = "GomezBioApp.Android", "GomezBioApp\GomezBioApp.Android\GomezBioApp.Android.csproj", "{E99AEC05-9F0E-446C-B681-6343AB297F3B}"
EndProject
Project("{FAE04EC0-301F-11D3-BF4B-00C04F79EFBC}") = "GomezBioApp.iOS", "GomezBioApp\GomezBioApp.iOS\GomezBioApp.iOS.csproj", "{E5B59DB8-CBB3-4502-8806-F18127D4E828}"
EndProject
Project("{FAE04EC0-301F-11D3-BF4B-00C04F79EFBC}") = "GomezBioApp.UWP", "GomezBioApp\GomezBioApp.UWP\GomezBioApp.UWP.csproj", "{4EC5B535-163C-4AE8-9436-09124899E475}"
EndProject
Project("{D954291E-2A0B-460D-934E-DC6B0785DB48}") = "GomezBioApp", "GomezBioApp\GomezBioApp\GomezBioApp.shproj", "{54E092A9-6F7B-4FA6-AF60-5016F1B8A2C7}"
EndProject
Global
	GlobalSection(SharedMSBuildProjectFiles) = preSolution
		GomezBioApp\GomezBioApp\GomezBioApp.projitems*{4ec5b535-163c-4ae8-9436-09124899e475}*SharedItemsImports = 4
		GomezBioApp\GomezBioApp\GomezBioApp.projitems*{54e092a9-6f7b-4fa6-af60-5016f1b8a2c7}*SharedItemsImports = 13
		GomezBioApp\GomezBioApp\GomezBioApp.projitems*{e5b59db8-cbb3-4502-8806-f18127d4e828}*SharedItemsImports = 4
		GomezBioApp\GomezBioApp\GomezBioApp.projitems*{e99aec05-9f0e-446c-b681-6343ab297f3b}*SharedItemsImports = 4
	EndGlobalSection
	GlobalSection(SolutionConfigurationPlatforms) = preSolution
		Ad-Hoc|Any CPU = Ad-Hoc|Any CPU
		Ad-Hoc|ARM = Ad-Hoc|ARM
		Ad-Hoc|iPhone = Ad-Hoc|iPhone
		Ad-Hoc|iPhoneSimulator = Ad-Hoc|iPhoneSimulator
		Ad-Hoc|x64 = Ad-Hoc|x64
		Ad-Hoc|x86 = Ad-Hoc|x86
		AppStore|Any CPU = AppStore|Any CPU
		AppStore|ARM = AppStore|ARM
		AppStore|iPhone = AppStore|iPhone
		AppStore|iPhoneSimulator = AppStore|iPhoneSimulator
		AppStore|x64 = AppStore|x64
		AppStore|x86 = AppStore|x86
		Debug|Any CPU = Debug|Any CPU
		Debug|ARM = Debug|ARM
		Debug|iPhone = Debug|iPhone
		Debug|iPhoneSimulator = Debug|iPhoneSimulator
		Debug|x64 = Debug|x64
		Debug|x86 = Debug|x86
		Release|Any CPU = Release|Any CPU
		Release|ARM = Release|ARM
		Release|iPhone = Release|iPhone
		Release|iPhoneSimulator = Release|iPhoneSimulator
		Release|x64 = Release|x64
		Release|x86 = Release|x86
	EndGlobalSection
	GlobalSection(ProjectConfigurationPlatforms) = postSolution
		{E99AEC05-9F0E-446C-B681-6343AB297F3B}.Ad-Hoc|Any CPU.ActiveCfg = Release|Any CPU
		{E99AEC05-9F0E-446C-B681-6343AB297F3B}.Ad-Hoc|Any CPU.Build.0 = Release|Any CPU
		{E99AEC05-9F0E-446C-B681-6343AB297F3B}.Ad-Hoc|Any CPU.Deploy.0 = Release|Any CPU
		{E99AEC05-9F0E-446C-B681-6343AB297F3B}.Ad-Hoc|ARM.ActiveCfg = Release|Any CPU
		{E99AEC05-9F0E-446C-B681-6343AB297F3B}.Ad-Hoc|ARM.Build.0 = Release|Any CPU
		{E99AEC05-9F0E-446C-B681-6343AB297F3B}.Ad-Hoc|ARM.Deploy.0 = Release|Any CPU
		{E99AEC05-9F0E-446C-B681-6343AB297F3B}.Ad-Hoc|iPhone.ActiveCfg = Release|Any CPU
		{E99AEC05-9F0E-446C-B681-6343AB297F3B}.Ad-Hoc|iPhone.Build.0 = Release|Any CPU
		{E99AEC05-9F0E-446C-B681-6343AB297F3B}.Ad-Hoc|iPhone.Deploy.0 = Release|Any CPU
		{E99AEC05-9F0E-446C-B681-6343AB297F3B}.Ad-Hoc|iPhoneSimulator.ActiveCfg = Release|Any CPU
		{E99AEC05-9F0E-446C-B681-6343AB297F3B}.Ad-Hoc|iPhoneSimulator.Build.0 = Release|Any CPU
		{E99AEC05-9F0E-446C-B681-6343AB297F3B}.Ad-Hoc|iPhoneSimulator.Deploy.0 = Release|Any CPU
		{E99AEC05-9F0E-446C-B681-6343AB297F3B}.Ad-Hoc|x64.ActiveCfg = Release|Any CPU
		{E99AEC05-9F0E-446C-B681-6343AB297F3B}.Ad-Hoc|x64.Build.0 = Release|Any CPU
		{E99AEC05-9F0E-446C-B681-6343AB297F3B}.Ad-Hoc|x64.Deploy.0 = Release|Any CPU
		{E99AEC05-9F0E-446C-B681-6343AB297F3B}.Ad-Hoc|x86.ActiveCfg = Release|Any CPU
		{E99AEC05-9F0E-446C-B681-6343AB297F3B}.Ad-Hoc|x86.Build.0 = Release|Any CPU
		{E99AEC05-9F0E-446C-B681-6343AB297F3B}.Ad-Hoc|x86.Deploy.0 = Release|Any CPU
		{E99AEC05-9F0E-446C-B681-6343AB297F3B}.AppStore|Any CPU.ActiveCfg = Release|Any CPU
		{E99AEC05-9F0E-446C-B681-6343AB297F3B}.AppStore|Any CPU.Build.0 = Release|Any CPU
		{E99AEC05-9F0E-446C-B681-6343AB297F3B}.AppStore|Any CPU.Deploy.0 = Release|Any CPU
		{E99AEC05-9F0E-446C-B681-6343AB297F3B}.AppStore|ARM.ActiveCfg = Release|Any CPU
		{E99AEC05-9F0E-446C-B681-6343AB297F3B}.AppStore|ARM.Build.0 = Release|Any CPU
		{E99AEC05-9F0E-446C-B681-6343AB297F3B}.AppStore|ARM.Deploy.0 = Release|Any CPU
		{E99AEC05-9F0E-446C-B681-6343AB297F3B}.AppStore|iPhone.ActiveCfg = Release|Any CPU
		{E99AEC05-9F0E-446C-B681-6343AB297F3B}.AppStore|iPhone.Build.0 = Release|Any CPU
		{E99AEC05-9F0E-446C-B681-6343AB297F3B}.AppStore|iPhone.Deploy.0 = Release|Any CPU
		{E99AEC05-9F0E-446C-B681-6343AB297F3B}.AppStore|iPhoneSimulator.ActiveCfg = Release|Any CPU
		{E99AEC05-9F0E-446C-B681-6343AB297F3B}.AppStore|iPhoneSimulator.Build.0 = Release|Any CPU
		{E99AEC05-9F0E-446C-B681-6343AB297F3B}.AppStore|iPhoneSimulator.Deploy.0 = Release|Any CPU
		{E99AEC05-9F0E-446C-B681-6343AB297F3B}.AppStore|x64.ActiveCfg = Release|Any CPU
		{E99AEC05-9F0E-446C-B681-6343AB297F3B}.AppStore|x64.Build.0 = Release|Any CPU
		{E99AEC05-9F0E-446C-B681-6343AB297F3B}.AppStore|x64.Deploy.0 = Release|Any CPU
		{E99AEC05-9F0E-446C-B681-6343AB297F3B}.AppStore|x86.ActiveCfg = Release|Any CPU
		{E99AEC05-9F0E-446C-B681-6343AB297F3B}.AppStore|x86.Build.0 = Release|Any CPU
		{E99AEC05-9F0E-446C-B681-6343AB297F3B}.AppStore|x86.Deploy.0 = Release|Any CPU
		{E99AEC05-9F0E-446C-B681-6343AB297F3B}.Debug|Any CPU.ActiveCfg = Debug|Any CPU
		{E99AEC05-9F0E-446C-B681-6343AB297F3B}.Debug|Any CPU.Build.0 = Debug|Any CPU
		{E99AEC05-9F0E-446C-B681-6343AB297F3B}.Debug|Any CPU.Deploy.0 = Debug|Any CPU
		{E99AEC05-9F0E-446C-B681-6343AB297F3B}.Debug|ARM.ActiveCfg = Debug|Any CPU
		{E99AEC05-9F0E-446C-B681-6343AB297F3B}.Debug|ARM.Build.0 = Debug|Any CPU
		{E99AEC05-9F0E-446C-B681-6343AB297F3B}.Debug|ARM.Deploy.0 = Debug|Any CPU
		{E99AEC05-9F0E-446C-B681-6343AB297F3B}.Debug|iPhone.ActiveCfg = Debug|Any CPU
		{E99AEC05-9F0E-446C-B681-6343AB297F3B}.Debug|iPhone.Build.0 = Debug|Any CPU
		{E99AEC05-9F0E-446C-B681-6343AB297F3B}.Debug|iPhone.Deploy.0 = Debug|Any CPU
		{E99AEC05-9F0E-446C-B681-6343AB297F3B}.Debug|iPhoneSimulator.ActiveCfg = Debug|Any CPU
		{E99AEC05-9F0E-446C-B681-6343AB297F3B}.Debug|iPhoneSimulator.Build.0 = Debug|Any CPU
		{E99AEC05-9F0E-446C-B681-6343AB297F3B}.Debug|iPhoneSimulator.Deploy.0 = Debug|Any CPU
		{E99AEC05-9F0E-446C-B681-6343AB297F3B}.Debug|x64.ActiveCfg = Debug|Any CPU
		{E99AEC05-9F0E-446C-B681-6343AB297F3B}.Debug|x64.Build.0 = Debug|Any CPU
		{E99AEC05-9F0E-446C-B681-6343AB297F3B}.Debug|x64.Deploy.0 = Debug|Any CPU
		{E99AEC05-9F0E-446C-B681-6343AB297F3B}.Debug|x86.ActiveCfg = Debug|Any CPU
		{E99AEC05-9F0E-446C-B681-6343AB297F3B}.Debug|x86.Build.0 = Debug|Any CPU
		{E99AEC05-9F0E-446C-B681-6343AB297F3B}.Debug|x86.Deploy.0 = Debug|Any CPU
		{E99AEC05-9F0E-446C-B681-6343AB297F3B}.Release|Any CPU.ActiveCfg = Release|Any CPU
		{E99AEC05-9F0E-446C-B681-6343AB297F3B}.Release|Any CPU.Build.0 = Release|Any CPU
		{E99AEC05-9F0E-446C-B681-6343AB297F3B}.Release|Any CPU.Deploy.0 = Release|Any CPU
		{E99AEC05-9F0E-446C-B681-6343AB297F3B}.Release|ARM.ActiveCfg = Release|Any CPU
		{E99AEC05-9F0E-446C-B681-6343AB297F3B}.Release|ARM.Build.0 = Release|Any CPU
		{E99AEC05-9F0E-446C-B681-6343AB297F3B}.Release|ARM.Deploy.0 = Release|Any CPU
		{E99AEC05-9F0E-446C-B681-6343AB297F3B}.Release|iPhone.ActiveCfg = Release|Any CPU
		{E99AEC05-9F0E-446C-B681-6343AB297F3B}.Release|iPhone.Build.0 = Release|Any CPU
		{E99AEC05-9F0E-446C-B681-6343AB297F3B}.Release|iPhone.Deploy.0 = Release|Any CPU
		{E99AEC05-9F0E-446C-B681-6343AB297F3B}.Release|iPhoneSimulator.ActiveCfg = Release|Any CPU
		{E99AEC05-9F0E-446C-B681-6343AB297F3B}.Release|iPhoneSimulator.Build.0 = Release|Any CPU
		{E99AEC05-9F0E-446C-B681-6343AB297F3B}.Release|iPhoneSimulator.Deploy.0 = Release|Any CPU
		{E99AEC05-9F0E-446C-B681-6343AB297F3B}.Release|x64.ActiveCfg = Release|Any CPU
		{E99AEC05-9F0E-446C-B681-6343AB297F3B}.Release|x64.Build.0 = Release|Any CPU
		{E99AEC05-9F0E-446C-B681-6343AB297F3B}.Release|x64.Deploy.0 = Release|Any CPU
		{E99AEC05-9F0E-446C-B681-6343AB297F3B}.Release|x86.ActiveCfg = Release|Any CPU
		{E99AEC05-9F0E-446C-B681-6343AB297F3B}.Release|x86.Build.0 = Release|Any CPU
		{E99AEC05-9F0E-446C-B681-6343AB297F3B}.Release|x86.Deploy.0 = Release|Any CPU
		{E5B59DB8-CBB3-4502-8806-F18127D4E828}.Ad-Hoc|Any CPU.ActiveCfg = Ad-Hoc|iPhone
		{E5B59DB8-CBB3-4502-8806-F18127D4E828}.Ad-Hoc|Any CPU.Build.0 = Ad-Hoc|iPhone
		{E5B59DB8-CBB3-4502-8806-F18127D4E828}.Ad-Hoc|Any CPU.Deploy.0 = Ad-Hoc|iPhone
		{E5B59DB8-CBB3-4502-8806-F18127D4E828}.Ad-Hoc|ARM.ActiveCfg = Ad-Hoc|iPhone
		{E5B59DB8-CBB3-4502-8806-F18127D4E828}.Ad-Hoc|ARM.Build.0 = Ad-Hoc|iPhone
		{E5B59DB8-CBB3-4502-8806-F18127D4E828}.Ad-Hoc|ARM.Deploy.0 = Ad-Hoc|iPhone
		{E5B59DB8-CBB3-4502-8806-F18127D4E828}.Ad-Hoc|iPhone.ActiveCfg = Ad-Hoc|iPhone
		{E5B59DB8-CBB3-4502-8806-F18127D4E828}.Ad-Hoc|iPhone.Build.0 = Ad-Hoc|iPhone
		{E5B59DB8-CBB3-4502-8806-F18127D4E828}.Ad-Hoc|iPhone.Deploy.0 = Ad-Hoc|iPhone
		{E5B59DB8-CBB3-4502-8806-F18127D4E828}.Ad-Hoc|iPhoneSimulator.ActiveCfg = Ad-Hoc|iPhoneSimulator
		{E5B59DB8-CBB3-4502-8806-F18127D4E828}.Ad-Hoc|iPhoneSimulator.Build.0 = Ad-Hoc|iPhoneSimulator
		{E5B59DB8-CBB3-4502-8806-F18127D4E828}.Ad-Hoc|iPhoneSimulator.Deploy.0 = Ad-Hoc|iPhoneSimulator
		{E5B59DB8-CBB3-4502-8806-F18127D4E828}.Ad-Hoc|x64.ActiveCfg = Ad-Hoc|iPhone
		{E5B59DB8-CBB3-4502-8806-F18127D4E828}.Ad-Hoc|x64.Build.0 = Ad-Hoc|iPhone
		{E5B59DB8-CBB3-4502-8806-F18127D4E828}.Ad-Hoc|x64.Deploy.0 = Ad-Hoc|iPhone
		{E5B59DB8-CBB3-4502-8806-F18127D4E828}.Ad-Hoc|x86.ActiveCfg = Ad-Hoc|iPhone
		{E5B59DB8-CBB3-4502-8806-F18127D4E828}.Ad-Hoc|x86.Build.0 = Ad-Hoc|iPhone
		{E5B59DB8-CBB3-4502-8806-F18127D4E828}.Ad-Hoc|x86.Deploy.0 = Ad-Hoc|iPhone
		{E5B59DB8-CBB3-4502-8806-F18127D4E828}.AppStore|Any CPU.ActiveCfg = AppStore|iPhone
		{E5B59DB8-CBB3-4502-8806-F18127D4E828}.AppStore|Any CPU.Build.0 = AppStore|iPhone
		{E5B59DB8-CBB3-4502-8806-F18127D4E828}.AppStore|Any CPU.Deploy.0 = AppStore|iPhone
		{E5B59DB8-CBB3-4502-8806-F18127D4E828}.AppStore|ARM.ActiveCfg = AppStore|iPhone
		{E5B59DB8-CBB3-4502-8806-F18127D4E828}.AppStore|ARM.Build.0 = AppStore|iPhone
		{E5B59DB8-CBB3-4502-8806-F18127D4E828}.AppStore|ARM.Deploy.0 = AppStore|iPhone
		{E5B59DB8-CBB3-4502-8806-F18127D4E828}.AppStore|iPhone.ActiveCfg = AppStore|iPhone
		{E5B59DB8-CBB3-4502-8806-F18127D4E828}.AppStore|iPhone.Build.0 = AppStore|iPhone
		{E5B59DB8-CBB3-4502-8806-F18127D4E828}.AppStore|iPhone.Deploy.0 = AppStore|iPhone
		{E5B59DB8-CBB3-4502-8806-F18127D4E828}.AppStore|iPhoneSimulator.ActiveCfg = AppStore|iPhoneSimulator
		{E5B59DB8-CBB3-4502-8806-F18127D4E828}.AppStore|iPhoneSimulator.Build.0 = AppStore|iPhoneSimulator
		{E5B59DB8-CBB3-4502-8806-F18127D4E828}.AppStore|iPhoneSimulator.Deploy.0 = AppStore|iPhoneSimulator
		{E5B59DB8-CBB3-4502-8806-F18127D4E828}.AppStore|x64.ActiveCfg = AppStore|iPhone
		{E5B59DB8-CBB3-4502-8806-F18127D4E828}.AppStore|x64.Build.0 = AppStore|iPhone
		{E5B59DB8-CBB3-4502-8806-F18127D4E828}.AppStore|x64.Deploy.0 = AppStore|iPhone
		{E5B59DB8-CBB3-4502-8806-F18127D4E828}.AppStore|x86.ActiveCfg = AppStore|iPhone
		{E5B59DB8-CBB3-4502-8806-F18127D4E828}.AppStore|x86.Build.0 = AppStore|iPhone
		{E5B59DB8-CBB3-4502-8806-F18127D4E828}.AppStore|x86.Deploy.0 = AppStore|iPhone
		{E5B59DB8-CBB3-4502-8806-F18127D4E828}.Debug|Any CPU.ActiveCfg = Debug|iPhoneSimulator
		{E5B59DB8-CBB3-4502-8806-F18127D4E828}.Debug|Any CPU.Build.0 = Debug|iPhoneSimulator
		{E5B59DB8-CBB3-4502-8806-F18127D4E828}.Debug|Any CPU.Deploy.0 = Debug|iPhoneSimulator
		{E5B59DB8-CBB3-4502-8806-F18127D4E828}.Debug|ARM.ActiveCfg = Debug|iPhone
		{E5B59DB8-CBB3-4502-8806-F18127D4E828}.Debug|ARM.Build.0 = Debug|iPhone
		{E5B59DB8-CBB3-4502-8806-F18127D4E828}.Debug|ARM.Deploy.0 = Debug|iPhone
		{E5B59DB8-CBB3-4502-8806-F18127D4E828}.Debug|iPhone.ActiveCfg = Debug|iPhone
		{E5B59DB8-CBB3-4502-8806-F18127D4E828}.Debug|iPhone.Build.0 = Debug|iPhone
		{E5B59DB8-CBB3-4502-8806-F18127D4E828}.Debug|iPhone.Deploy.0 = Debug|iPhone
		{E5B59DB8-CBB3-4502-8806-F18127D4E828}.Debug|iPhoneSimulator.ActiveCfg = Debug|iPhoneSimulator
		{E5B59DB8-CBB3-4502-8806-F18127D4E828}.Debug|iPhoneSimulator.Build.0 = Debug|iPhoneSimulator
		{E5B59DB8-CBB3-4502-8806-F18127D4E828}.Debug|iPhoneSimulator.Deploy.0 = Debug|iPhoneSimulator
		{E5B59DB8-CBB3-4502-8806-F18127D4E828}.Debug|x64.ActiveCfg = Debug|iPhone
		{E5B59DB8-CBB3-4502-8806-F18127D4E828}.Debug|x64.Build.0 = Debug|iPhone
		{E5B59DB8-CBB3-4502-8806-F18127D4E828}.Debug|x64.Deploy.0 = Debug|iPhone
		{E5B59DB8-CBB3-4502-8806-F18127D4E828}.Debug|x86.ActiveCfg = Debug|iPhone
		{E5B59DB8-CBB3-4502-8806-F18127D4E828}.Debug|x86.Build.0 = Debug|iPhone
		{E5B59DB8-CBB3-4502-8806-F18127D4E828}.Debug|x86.Deploy.0 = Debug|iPhone
		{E5B59DB8-CBB3-4502-8806-F18127D4E828}.Release|Any CPU.ActiveCfg = Release|iPhone
		{E5B59DB8-CBB3-4502-8806-F18127D4E828}.Release|Any CPU.Build.0 = Release|iPhone
		{E5B59DB8-CBB3-4502-8806-F18127D4E828}.Release|Any CPU.Deploy.0 = Release|iPhone
		{E5B59DB8-CBB3-4502-8806-F18127D4E828}.Release|ARM.ActiveCfg = Release|iPhone
		{E5B59DB8-CBB3-4502-8806-F18127D4E828}.Release|ARM.Build.0 = Release|iPhone
		{E5B59DB8-CBB3-4502-8806-F18127D4E828}.Release|ARM.Deploy.0 = Release|iPhone
		{E5B59DB8-CBB3-4502-8806-F18127D4E828}.Release|iPhone.ActiveCfg = Release|iPhone
		{E5B59DB8-CBB3-4502-8806-F18127D4E828}.Release|iPhone.Build.0 = Release|iPhone
		{E5B59DB8-CBB3-4502-8806-F18127D4E828}.Release|iPhone.Deploy.0 = Release|iPhone
		{E5B59DB8-CBB3-4502-8806-F18127D4E828}.Release|iPhoneSimulator.ActiveCfg = Release|iPhoneSimulator
		{E5B59DB8-CBB3-4502-8806-F18127D4E828}.Release|iPhoneSimulator.Build.0 = Release|iPhoneSimulator
		{E5B59DB8-CBB3-4502-8806-F18127D4E828}.Release|iPhoneSimulator.Deploy.0 = Release|iPhoneSimulator
		{E5B59DB8-CBB3-4502-8806-F18127D4E828}.Release|x64.ActiveCfg = Release|iPhone
		{E5B59DB8-CBB3-4502-8806-F18127D4E828}.Release|x64.Build.0 = Release|iPhone
		{E5B59DB8-CBB3-4502-8806-F18127D4E828}.Release|x64.Deploy.0 = Release|iPhone
		{E5B59DB8-CBB3-4502-8806-F18127D4E828}.Release|x86.ActiveCfg = Release|iPhone
		{E5B59DB8-CBB3-4502-8806-F18127D4E828}.Release|x86.Build.0 = Release|iPhone
		{E5B59DB8-CBB3-4502-8806-F18127D4E828}.Release|x86.Deploy.0 = Release|iPhone
		{4EC5B535-163C-4AE8-9436-09124899E475}.Ad-Hoc|Any CPU.ActiveCfg = Release|x86
		{4EC5B535-163C-4AE8-9436-09124899E475}.Ad-Hoc|Any CPU.Build.0 = Release|x86
		{4EC5B535-163C-4AE8-9436-09124899E475}.Ad-Hoc|Any CPU.Deploy.0 = Release|x86
		{4EC5B535-163C-4AE8-9436-09124899E475}.Ad-Hoc|ARM.ActiveCfg = Release|ARM
		{4EC5B535-163C-4AE8-9436-09124899E475}.Ad-Hoc|ARM.Build.0 = Release|ARM
		{4EC5B535-163C-4AE8-9436-09124899E475}.Ad-Hoc|ARM.Deploy.0 = Release|ARM
		{4EC5B535-163C-4AE8-9436-09124899E475}.Ad-Hoc|iPhone.ActiveCfg = Release|x86
		{4EC5B535-163C-4AE8-9436-09124899E475}.Ad-Hoc|iPhone.Build.0 = Release|x86
		{4EC5B535-163C-4AE8-9436-09124899E475}.Ad-Hoc|iPhone.Deploy.0 = Release|x86
		{4EC5B535-163C-4AE8-9436-09124899E475}.Ad-Hoc|iPhoneSimulator.ActiveCfg = Release|x86
		{4EC5B535-163C-4AE8-9436-09124899E475}.Ad-Hoc|iPhoneSimulator.Build.0 = Release|x86
		{4EC5B535-163C-4AE8-9436-09124899E475}.Ad-Hoc|iPhoneSimulator.Deploy.0 = Release|x86
		{4EC5B535-163C-4AE8-9436-09124899E475}.Ad-Hoc|x64.ActiveCfg = Release|x64
		{4EC5B535-163C-4AE8-9436-09124899E475}.Ad-Hoc|x64.Build.0 = Release|x64
		{4EC5B535-163C-4AE8-9436-09124899E475}.Ad-Hoc|x64.Deploy.0 = Release|x64
		{4EC5B535-163C-4AE8-9436-09124899E475}.Ad-Hoc|x86.ActiveCfg = Release|x86
		{4EC5B535-163C-4AE8-9436-09124899E475}.Ad-Hoc|x86.Build.0 = Release|x86
		{4EC5B535-163C-4AE8-9436-09124899E475}.Ad-Hoc|x86.Deploy.0 = Release|x86
		{4EC5B535-163C-4AE8-9436-09124899E475}.AppStore|Any CPU.ActiveCfg = Release|x86
		{4EC5B535-163C-4AE8-9436-09124899E475}.AppStore|Any CPU.Build.0 = Release|x86
		{4EC5B535-163C-4AE8-9436-09124899E475}.AppStore|Any CPU.Deploy.0 = Release|x86
		{4EC5B535-163C-4AE8-9436-09124899E475}.AppStore|ARM.ActiveCfg = Release|ARM
		{4EC5B535-163C-4AE8-9436-09124899E475}.AppStore|ARM.Build.0 = Release|ARM
		{4EC5B535-163C-4AE8-9436-09124899E475}.AppStore|ARM.Deploy.0 = Release|ARM
		{4EC5B535-163C-4AE8-9436-09124899E475}.AppStore|iPhone.ActiveCfg = Release|x86
		{4EC5B535-163C-4AE8-9436-09124899E475}.AppStore|iPhone.Build.0 = Release|x86
		{4EC5B535-163C-4AE8-9436-09124899E475}.AppStore|iPhone.Deploy.0 = Release|x86
		{4EC5B535-163C-4AE8-9436-09124899E475}.AppStore|iPhoneSimulator.ActiveCfg = Release|x86
		{4EC5B535-163C-4AE8-9436-09124899E475}.AppStore|iPhoneSimulator.Build.0 = Release|x86
		{4EC5B535-163C-4AE8-9436-09124899E475}.AppStore|iPhoneSimulator.Deploy.0 = Release|x86
		{4EC5B535-163C-4AE8-9436-09124899E475}.AppStore|x64.ActiveCfg = Release|x64
		{4EC5B535-163C-4AE8-9436-09124899E475}.AppStore|x64.Build.0 = Release|x64
		{4EC5B535-163C-4AE8-9436-09124899E475}.AppStore|x64.Deploy.0 = Release|x64
		{4EC5B535-163C-4AE8-9436-09124899E475}.AppStore|x86.ActiveCfg = Release|x86
		{4EC5B535-163C-4AE8-9436-09124899E475}.AppStore|x86.Build.0 = Release|x86
		{4EC5B535-163C-4AE8-9436-09124899E475}.AppStore|x86.Deploy.0 = Release|x86
		{4EC5B535-163C-4AE8-9436-09124899E475}.Debug|Any CPU.ActiveCfg = Debug|x86
		{4EC5B535-163C-4AE8-9436-09124899E475}.Debug|Any CPU.Build.0 = Debug|x86
		{4EC5B535-163C-4AE8-9436-09124899E475}.Debug|Any CPU.Deploy.0 = Debug|x86
		{4EC5B535-163C-4AE8-9436-09124899E475}.Debug|ARM.ActiveCfg = Debug|ARM
		{4EC5B535-163C-4AE8-9436-09124899E475}.Debug|ARM.Build.0 = Debug|ARM
		{4EC5B535-163C-4AE8-9436-09124899E475}.Debug|ARM.Deploy.0 = Debug|ARM
		{4EC5B535-163C-4AE8-9436-09124899E475}.Debug|iPhone.ActiveCfg = Debug|x86
		{4EC5B535-163C-4AE8-9436-09124899E475}.Debug|iPhone.Build.0 = Debug|x86
		{4EC5B535-163C-4AE8-9436-09124899E475}.Debug|iPhone.Deploy.0 = Debug|x86
		{4EC5B535-163C-4AE8-9436-09124899E475}.Debug|iPhoneSimulator.ActiveCfg = Debug|x86
		{4EC5B535-163C-4AE8-9436-09124899E475}.Debug|iPhoneSimulator.Build.0 = Debug|x86
		{4EC5B535-163C-4AE8-9436-09124899E475}.Debug|iPhoneSimulator.Deploy.0 = Debug|x86
		{4EC5B535-163C-4AE8-9436-09124899E475}.Debug|x64.ActiveCfg = Debug|x64
		{4EC5B535-163C-4AE8-9436-09124899E475}.Debug|x64.Build.0 = Debug|x64
		{4EC5B535-163C-4AE8-9436-09124899E475}.Debug|x64.Deploy.0 = Debug|x64
		{4EC5B535-163C-4AE8-9436-09124899E475}.Debug|x86.ActiveCfg = Debug|x86
		{4EC5B535-163C-4AE8-9436-09124899E475}.Debug|x86.Build.0 = Debug|x86
		{4EC5B535-163C-4AE8-9436-09124899E475}.Debug|x86.Deploy.0 = Debug|x86
		{4EC5B535-163C-4AE8-9436-09124899E475}.Release|Any CPU.ActiveCfg = Release|x86
		{4EC5B535-163C-4AE8-9436-09124899E475}.Release|Any CPU.Build.0 = Release|x86
		{4EC5B535-163C-4AE8-9436-09124899E475}.Release|Any CPU.Deploy.0 = Release|x86
		{4EC5B535-163C-4AE8-9436-09124899E475}.Release|ARM.ActiveCfg = Release|ARM
		{4EC5B535-163C-4AE8-9436-09124899E475}.Release|ARM.Build.0 = Release|ARM
		{4EC5B535-163C-4AE8-9436-09124899E475}.Release|ARM.Deploy.0 = Release|ARM
		{4EC5B535-163C-4AE8-9436-09124899E475}.Release|iPhone.ActiveCfg = Release|x86
		{4EC5B535-163C-4AE8-9436-09124899E475}.Release|iPhone.Build.0 = Release|x86
		{4EC5B535-163C-4AE8-9436-09124899E475}.Release|iPhone.Deploy.0 = Release|x86
		{4EC5B535-163C-4AE8-9436-09124899E475}.Release|iPhoneSimulator.ActiveCfg = Release|x86
		{4EC5B535-163C-4AE8-9436-09124899E475}.Release|iPhoneSimulator.Build.0 = Release|x86
		{4EC5B535-163C-4AE8-9436-09124899E475}.Release|iPhoneSimulator.Deploy.0 = Release|x86
		{4EC5B535-163C-4AE8-9436-09124899E475}.Release|x64.ActiveCfg = Release|x64
		{4EC5B535-163C-4AE8-9436-09124899E475}.Release|x64.Build.0 = Release|x64
		{4EC5B535-163C-4AE8-9436-09124899E475}.Release|x64.Deploy.0 = Release|x64
		{4EC5B535-163C-4AE8-9436-09124899E475}.Release|x86.ActiveCfg = Release|x86
		{4EC5B535-163C-4AE8-9436-09124899E475}.Release|x86.Build.0 = Release|x86
		{4EC5B535-163C-4AE8-9436-09124899E475}.Release|x86.Deploy.0 = Release|x86
	EndGlobalSection
	GlobalSection(SolutionProperties) = preSolution
		HideSolutionNode = FALSE
	EndGlobalSection
	GlobalSection(ExtensibilityGlobals) = postSolution
		SolutionGuid = {1C41C742-B2E6-4CBC-BE12-0C36CA44C38D}
	EndGlobalSection
EndGlobal
